// !$*UTF8*$!
{
	archiveVersion = 1;
	classes = {
	};
	objectVersion = 50;
	objects = {

/* Begin PBXBuildFile section */
		8B1A7484278075070059B8F4 /* MainViewModel.swift in Sources */ = {isa = PBXBuildFile; fileRef = 8B1A7483278075070059B8F4 /* MainViewModel.swift */; };
		8B78E098277E6637005DBE95 /* ArticleModel.swift in Sources */ = {isa = PBXBuildFile; fileRef = 8B78E097277E6637005DBE95 /* ArticleModel.swift */; };
		8B78E09F277E68AC005DBE95 /* NetworkableProtocol.swift in Sources */ = {isa = PBXBuildFile; fileRef = 8B78E09E277E68AC005DBE95 /* NetworkableProtocol.swift */; };
		8B78E0A2277E693B005DBE95 /* NetworkManager.swift in Sources */ = {isa = PBXBuildFile; fileRef = 8B78E0A1277E693B005DBE95 /* NetworkManager.swift */; };
		8BA05FAC278129C2005E2B2E /* ArticleTableViewCell.swift in Sources */ = {isa = PBXBuildFile; fileRef = 8BA05FAA278129C2005E2B2E /* ArticleTableViewCell.swift */; };
		8BA05FAD278129C2005E2B2E /* ArticleTableViewCell.xib in Resources */ = {isa = PBXBuildFile; fileRef = 8BA05FAB278129C2005E2B2E /* ArticleTableViewCell.xib */; };
		8BA05FE1278138AE005E2B2E /* ArticleDetailsViewController.swift in Sources */ = {isa = PBXBuildFile; fileRef = 8BA05FE0278138AE005E2B2E /* ArticleDetailsViewController.swift */; };
		8BA05FE427813945005E2B2E /* ArticleDetailsViewModel.swift in Sources */ = {isa = PBXBuildFile; fileRef = 8BA05FE327813945005E2B2E /* ArticleDetailsViewModel.swift */; };
		8BD39CF2277DE53E00F2EA5C /* AppDelegate.swift in Sources */ = {isa = PBXBuildFile; fileRef = 8BD39CF1277DE53E00F2EA5C /* AppDelegate.swift */; };
		8BD39CF4277DE53E00F2EA5C /* SceneDelegate.swift in Sources */ = {isa = PBXBuildFile; fileRef = 8BD39CF3277DE53E00F2EA5C /* SceneDelegate.swift */; };
		8BD39CF6277DE53E00F2EA5C /* ArticleListViewController.swift in Sources */ = {isa = PBXBuildFile; fileRef = 8BD39CF5277DE53E00F2EA5C /* ArticleListViewController.swift */; };
		8BD39CF9277DE53E00F2EA5C /* Main.storyboard in Resources */ = {isa = PBXBuildFile; fileRef = 8BD39CF7277DE53E00F2EA5C /* Main.storyboard */; };
		8BD39CFB277DE54000F2EA5C /* Assets.xcassets in Resources */ = {isa = PBXBuildFile; fileRef = 8BD39CFA277DE54000F2EA5C /* Assets.xcassets */; };
		8BD39CFE277DE54000F2EA5C /* LaunchScreen.storyboard in Resources */ = {isa = PBXBuildFile; fileRef = 8BD39CFC277DE54000F2EA5C /* LaunchScreen.storyboard */; };
		8BD39D1C277E184D00F2EA5C /* ArticleAPI.swift in Sources */ = {isa = PBXBuildFile; fileRef = 8BD39D1B277E184D00F2EA5C /* ArticleAPI.swift */; };
		8BD39D1F277E1A2300F2EA5C /* Constants.swift in Sources */ = {isa = PBXBuildFile; fileRef = 8BD39D1E277E1A2300F2EA5C /* Constants.swift */; };
		C0B87AFBE7E7D80D9321CE1D /* libPods-NYTimesArticles.a in Frameworks */ = {isa = PBXBuildFile; fileRef = BF9A8C7E2D16E48A6BF97CB4 /* libPods-NYTimesArticles.a */; };
/* End PBXBuildFile section */

/* Begin PBXFileReference section */
		03E2CA07EE437901EC9EA299 /* Pods-NYTimesArticles.debug.xcconfig */ = {isa = PBXFileReference; includeInIndex = 1; lastKnownFileType = text.xcconfig; name = "Pods-NYTimesArticles.debug.xcconfig"; path = "Target Support Files/Pods-NYTimesArticles/Pods-NYTimesArticles.debug.xcconfig"; sourceTree = "<group>"; };
		5337C848AC791C66D97DF9CA /* Pods-NYTimesArticles.release.xcconfig */ = {isa = PBXFileReference; includeInIndex = 1; lastKnownFileType = text.xcconfig; name = "Pods-NYTimesArticles.release.xcconfig"; path = "Target Support Files/Pods-NYTimesArticles/Pods-NYTimesArticles.release.xcconfig"; sourceTree = "<group>"; };
		8B1A7483278075070059B8F4 /* MainViewModel.swift */ = {isa = PBXFileReference; lastKnownFileType = sourcecode.swift; path = MainViewModel.swift; sourceTree = "<group>"; };
		8B78E097277E6637005DBE95 /* ArticleModel.swift */ = {isa = PBXFileReference; lastKnownFileType = sourcecode.swift; path = ArticleModel.swift; sourceTree = "<group>"; };
		8B78E09E277E68AC005DBE95 /* NetworkableProtocol.swift */ = {isa = PBXFileReference; lastKnownFileType = sourcecode.swift; path = NetworkableProtocol.swift; sourceTree = "<group>"; };
		8B78E0A1277E693B005DBE95 /* NetworkManager.swift */ = {isa = PBXFileReference; lastKnownFileType = sourcecode.swift; path = NetworkManager.swift; sourceTree = "<group>"; };
		8BA05FAA278129C2005E2B2E /* ArticleTableViewCell.swift */ = {isa = PBXFileReference; lastKnownFileType = sourcecode.swift; path = ArticleTableViewCell.swift; sourceTree = "<group>"; };
		8BA05FAB278129C2005E2B2E /* ArticleTableViewCell.xib */ = {isa = PBXFileReference; lastKnownFileType = file.xib; path = ArticleTableViewCell.xib; sourceTree = "<group>"; };
		8BA05FE0278138AE005E2B2E /* ArticleDetailsViewController.swift */ = {isa = PBXFileReference; lastKnownFileType = sourcecode.swift; path = ArticleDetailsViewController.swift; sourceTree = "<group>"; };
		8BA05FE327813945005E2B2E /* ArticleDetailsViewModel.swift */ = {isa = PBXFileReference; lastKnownFileType = sourcecode.swift; path = ArticleDetailsViewModel.swift; sourceTree = "<group>"; };
		8BD39CEE277DE53E00F2EA5C /* NYTimesArticles.app */ = {isa = PBXFileReference; explicitFileType = wrapper.application; includeInIndex = 0; path = NYTimesArticles.app; sourceTree = BUILT_PRODUCTS_DIR; };
		8BD39CF1277DE53E00F2EA5C /* AppDelegate.swift */ = {isa = PBXFileReference; lastKnownFileType = sourcecode.swift; path = AppDelegate.swift; sourceTree = "<group>"; };
		8BD39CF3277DE53E00F2EA5C /* SceneDelegate.swift */ = {isa = PBXFileReference; lastKnownFileType = sourcecode.swift; path = SceneDelegate.swift; sourceTree = "<group>"; };
		8BD39CF5277DE53E00F2EA5C /* ArticleListViewController.swift */ = {isa = PBXFileReference; lastKnownFileType = sourcecode.swift; path = ArticleListViewController.swift; sourceTree = "<group>"; };
		8BD39CF8277DE53E00F2EA5C /* Base */ = {isa = PBXFileReference; lastKnownFileType = file.storyboard; name = Base; path = Base.lproj/Main.storyboard; sourceTree = "<group>"; };
		8BD39CFA277DE54000F2EA5C /* Assets.xcassets */ = {isa = PBXFileReference; lastKnownFileType = folder.assetcatalog; path = Assets.xcassets; sourceTree = "<group>"; };
		8BD39CFD277DE54000F2EA5C /* Base */ = {isa = PBXFileReference; lastKnownFileType = file.storyboard; name = Base; path = Base.lproj/LaunchScreen.storyboard; sourceTree = "<group>"; };
		8BD39CFF277DE54000F2EA5C /* Info.plist */ = {isa = PBXFileReference; lastKnownFileType = text.plist.xml; path = Info.plist; sourceTree = "<group>"; };
		8BD39D1B277E184D00F2EA5C /* ArticleAPI.swift */ = {isa = PBXFileReference; lastKnownFileType = sourcecode.swift; path = ArticleAPI.swift; sourceTree = "<group>"; };
		8BD39D1E277E1A2300F2EA5C /* Constants.swift */ = {isa = PBXFileReference; lastKnownFileType = sourcecode.swift; path = Constants.swift; sourceTree = "<group>"; };
		BF9A8C7E2D16E48A6BF97CB4 /* libPods-NYTimesArticles.a */ = {isa = PBXFileReference; explicitFileType = archive.ar; includeInIndex = 0; path = "libPods-NYTimesArticles.a"; sourceTree = BUILT_PRODUCTS_DIR; };
/* End PBXFileReference section */

/* Begin PBXFrameworksBuildPhase section */
		8BD39CEB277DE53E00F2EA5C /* Frameworks */ = {
			isa = PBXFrameworksBuildPhase;
			buildActionMask = 2147483647;
			files = (
				C0B87AFBE7E7D80D9321CE1D /* libPods-NYTimesArticles.a in Frameworks */,
			);
			runOnlyForDeploymentPostprocessing = 0;
		};
/* End PBXFrameworksBuildPhase section */

/* Begin PBXGroup section */
		2FDBCEB0AC06B7F6CAA04895 /* Frameworks */ = {
			isa = PBXGroup;
			children = (
				BF9A8C7E2D16E48A6BF97CB4 /* libPods-NYTimesArticles.a */,
			);
			name = Frameworks;
			sourceTree = "<group>";
		};
		8B1A7481278074790059B8F4 /* Module */ = {
			isa = PBXGroup;
			children = (
				8B1A7482278074810059B8F4 /* Main */,
			);
			path = Module;
			sourceTree = "<group>";
		};
		8B1A7482278074810059B8F4 /* Main */ = {
			isa = PBXGroup;
			children = (
				8BD39D10277DE74700F2EA5C /* ViewModel */,
				8BD39D0F277DE74100F2EA5C /* View */,
				8BD39D0E277DE73C00F2EA5C /* Model */,
			);
			path = Main;
			sourceTree = "<group>";
		};
		8BD39CE5277DE53E00F2EA5C = {
			isa = PBXGroup;
			children = (
				8BD39CF0277DE53E00F2EA5C /* NYTimesArticles */,
				8BD39CEF277DE53E00F2EA5C /* Products */,
				E8A4732F7F564BF9C737E8C4 /* Pods */,
				2FDBCEB0AC06B7F6CAA04895 /* Frameworks */,
			);
			sourceTree = "<group>";
		};
		8BD39CEF277DE53E00F2EA5C /* Products */ = {
			isa = PBXGroup;
			children = (
				8BD39CEE277DE53E00F2EA5C /* NYTimesArticles.app */,
			);
			name = Products;
			sourceTree = "<group>";
		};
		8BD39CF0277DE53E00F2EA5C /* NYTimesArticles */ = {
			isa = PBXGroup;
			children = (
				8BD39D14277DE79400F2EA5C /* Application */,
				8BD39D13277DE78E00F2EA5C /* Comman */,
				8BD39D11277DE74D00F2EA5C /* Services */,
				8B1A7481278074790059B8F4 /* Module */,
				8BD39CFA277DE54000F2EA5C /* Assets.xcassets */,
				8BD39CFC277DE54000F2EA5C /* LaunchScreen.storyboard */,
				8BD39CFF277DE54000F2EA5C /* Info.plist */,
			);
			path = NYTimesArticles;
			sourceTree = "<group>";
		};
		8BD39D0E277DE73C00F2EA5C /* Model */ = {
			isa = PBXGroup;
			children = (
				8B78E097277E6637005DBE95 /* ArticleModel.swift */,
			);
			path = Model;
			sourceTree = "<group>";
		};
		8BD39D0F277DE74100F2EA5C /* View */ = {
			isa = PBXGroup;
			children = (
				8BD39CF7277DE53E00F2EA5C /* Main.storyboard */,
				8BD39CF5277DE53E00F2EA5C /* ArticleListViewController.swift */,
				8BA05FAA278129C2005E2B2E /* ArticleTableViewCell.swift */,
				8BA05FAB278129C2005E2B2E /* ArticleTableViewCell.xib */,
				8BA05FE0278138AE005E2B2E /* ArticleDetailsViewController.swift */,
			);
			path = View;
			sourceTree = "<group>";
		};
		8BD39D10277DE74700F2EA5C /* ViewModel */ = {
			isa = PBXGroup;
			children = (
				8B1A7483278075070059B8F4 /* MainViewModel.swift */,
				8BA05FE327813945005E2B2E /* ArticleDetailsViewModel.swift */,
			);
			path = ViewModel;
			sourceTree = "<group>";
		};
		8BD39D11277DE74D00F2EA5C /* Services */ = {
			isa = PBXGroup;
			children = (
				8BD39D1B277E184D00F2EA5C /* ArticleAPI.swift */,
				8B78E09E277E68AC005DBE95 /* NetworkableProtocol.swift */,
				8B78E0A1277E693B005DBE95 /* NetworkManager.swift */,
			);
			path = Services;
			sourceTree = "<group>";
		};
		8BD39D12277DE75700F2EA5C /* Extension */ = {
			isa = PBXGroup;
			children = (
			);
			path = Extension;
			sourceTree = "<group>";
		};
		8BD39D13277DE78E00F2EA5C /* Comman */ = {
			isa = PBXGroup;
			children = (
				8BD39D12277DE75700F2EA5C /* Extension */,
				8BD39D1E277E1A2300F2EA5C /* Constants.swift */,
			);
			path = Comman;
			sourceTree = "<group>";
		};
		8BD39D14277DE79400F2EA5C /* Application */ = {
			isa = PBXGroup;
			children = (
				8BD39CF1277DE53E00F2EA5C /* AppDelegate.swift */,
				8BD39CF3277DE53E00F2EA5C /* SceneDelegate.swift */,
			);
			path = Application;
			sourceTree = "<group>";
		};
		E8A4732F7F564BF9C737E8C4 /* Pods */ = {
			isa = PBXGroup;
			children = (
				03E2CA07EE437901EC9EA299 /* Pods-NYTimesArticles.debug.xcconfig */,
				5337C848AC791C66D97DF9CA /* Pods-NYTimesArticles.release.xcconfig */,
			);
			path = Pods;
			sourceTree = "<group>";
		};
/* End PBXGroup section */

/* Begin PBXNativeTarget section */
		8BD39CED277DE53E00F2EA5C /* NYTimesArticles */ = {
			isa = PBXNativeTarget;
			buildConfigurationList = 8BD39D02277DE54000F2EA5C /* Build configuration list for PBXNativeTarget "NYTimesArticles" */;
			buildPhases = (
				094C6F2B0930DCA0814E2443 /* [CP] Check Pods Manifest.lock */,
				8BD39CEA277DE53E00F2EA5C /* Sources */,
				8BD39CEB277DE53E00F2EA5C /* Frameworks */,
				8BD39CEC277DE53E00F2EA5C /* Resources */,
			);
			buildRules = (
			);
			dependencies = (
			);
			name = NYTimesArticles;
			productName = NYTimesArticles;
			productReference = 8BD39CEE277DE53E00F2EA5C /* NYTimesArticles.app */;
			productType = "com.apple.product-type.application";
		};
/* End PBXNativeTarget section */

/* Begin PBXProject section */
		8BD39CE6277DE53E00F2EA5C /* Project object */ = {
			isa = PBXProject;
			attributes = {
				LastSwiftUpdateCheck = 1240;
				LastUpgradeCheck = 1240;
				TargetAttributes = {
					8BD39CED277DE53E00F2EA5C = {
						CreatedOnToolsVersion = 12.4;
					};
				};
			};
			buildConfigurationList = 8BD39CE9277DE53E00F2EA5C /* Build configuration list for PBXProject "NYTimesArticles" */;
			compatibilityVersion = "Xcode 9.3";
			developmentRegion = en;
			hasScannedForEncodings = 0;
			knownRegions = (
				en,
				Base,
			);
			mainGroup = 8BD39CE5277DE53E00F2EA5C;
			productRefGroup = 8BD39CEF277DE53E00F2EA5C /* Products */;
			projectDirPath = "";
			projectRoot = "";
			targets = (
				8BD39CED277DE53E00F2EA5C /* NYTimesArticles */,
			);
		};
/* End PBXProject section */

/* Begin PBXResourcesBuildPhase section */
		8BD39CEC277DE53E00F2EA5C /* Resources */ = {
			isa = PBXResourcesBuildPhase;
			buildActionMask = 2147483647;
			files = (
				8BA05FAD278129C2005E2B2E /* ArticleTableViewCell.xib in Resources */,
				8BD39CFE277DE54000F2EA5C /* LaunchScreen.storyboard in Resources */,
				8BD39CFB277DE54000F2EA5C /* Assets.xcassets in Resources */,
				8BD39CF9277DE53E00F2EA5C /* Main.storyboard in Resources */,
			);
			runOnlyForDeploymentPostprocessing = 0;
		};
/* End PBXResourcesBuildPhase section */

/* Begin PBXShellScriptBuildPhase section */
		094C6F2B0930DCA0814E2443 /* [CP] Check Pods Manifest.lock */ = {
			isa = PBXShellScriptBuildPhase;
			buildActionMask = 2147483647;
			files = (
			);
			inputFileListPaths = (
			);
			inputPaths = (
				"${PODS_PODFILE_DIR_PATH}/Podfile.lock",
				"${PODS_ROOT}/Manifest.lock",
			);
			name = "[CP] Check Pods Manifest.lock";
			outputFileListPaths = (
			);
			outputPaths = (
				"$(DERIVED_FILE_DIR)/Pods-NYTimesArticles-checkManifestLockResult.txt",
			);
			runOnlyForDeploymentPostprocessing = 0;
			shellPath = /bin/sh;
			shellScript = "diff \"${PODS_PODFILE_DIR_PATH}/Podfile.lock\" \"${PODS_ROOT}/Manifest.lock\" > /dev/null\nif [ $? != 0 ] ; then\n    # print error to STDERR\n    echo \"error: The sandbox is not in sync with the Podfile.lock. Run 'pod install' or update your CocoaPods installation.\" >&2\n    exit 1\nfi\n# This output is used by Xcode 'outputs' to avoid re-running this script phase.\necho \"SUCCESS\" > \"${SCRIPT_OUTPUT_FILE_0}\"\n";
			showEnvVarsInLog = 0;
		};
/* End PBXShellScriptBuildPhase section */

/* Begin PBXSourcesBuildPhase section */
		8BD39CEA277DE53E00F2EA5C /* Sources */ = {
			isa = PBXSourcesBuildPhase;
			buildActionMask = 2147483647;
			files = (
				8BA05FAC278129C2005E2B2E /* ArticleTableViewCell.swift in Sources */,
				8BD39CF6277DE53E00F2EA5C /* ArticleListViewController.swift in Sources */,
				8B78E09F277E68AC005DBE95 /* NetworkableProtocol.swift in Sources */,
				8BA05FE1278138AE005E2B2E /* ArticleDetailsViewController.swift in Sources */,
				8BD39CF2277DE53E00F2EA5C /* AppDelegate.swift in Sources */,
				8BD39D1C277E184D00F2EA5C /* ArticleAPI.swift in Sources */,
				8B78E0A2277E693B005DBE95 /* NetworkManager.swift in Sources */,
				8BD39CF4277DE53E00F2EA5C /* SceneDelegate.swift in Sources */,
				8B1A7484278075070059B8F4 /* MainViewModel.swift in Sources */,
				8B78E098277E6637005DBE95 /* ArticleModel.swift in Sources */,
				8BA05FE427813945005E2B2E /* ArticleDetailsViewModel.swift in Sources */,
				8BD39D1F277E1A2300F2EA5C /* Constants.swift in Sources */,
			);
			runOnlyForDeploymentPostprocessing = 0;
		};
/* End PBXSourcesBuildPhase section */

/* Begin PBXVariantGroup section */
		8BD39CF7277DE53E00F2EA5C /* Main.storyboard */ = {
			isa = PBXVariantGroup;
			children = (
				8BD39CF8277DE53E00F2EA5C /* Base */,
			);
			name = Main.storyboard;
			sourceTree = "<group>";
		};
		8BD39CFC277DE54000F2EA5C /* LaunchScreen.storyboard */ = {
			isa = PBXVariantGroup;
			children = (
				8BD39CFD277DE54000F2EA5C /* Base */,
			);
			name = LaunchScreen.storyboard;
			sourceTree = "<group>";
		};
/* End PBXVariantGroup section */

/* Begin XCBuildConfiguration section */
		8BD39D00277DE54000F2EA5C /* Debug */ = {
			isa = XCBuildConfiguration;
			buildSettings = {
				ALWAYS_SEARCH_USER_PATHS = NO;
				CLANG_ANALYZER_NONNULL = YES;
				CLANG_ANALYZER_NUMBER_OBJECT_CONVERSION = YES_AGGRESSIVE;
				CLANG_CXX_LANGUAGE_STANDARD = "gnu++14";
				CLANG_CXX_LIBRARY = "libc++";
				CLANG_ENABLE_MODULES = YES;
				CLANG_ENABLE_OBJC_ARC = YES;
				CLANG_ENABLE_OBJC_WEAK = YES;
				CLANG_WARN_BLOCK_CAPTURE_AUTORELEASING = YES;
				CLANG_WARN_BOOL_CONVERSION = YES;
				CLANG_WARN_COMMA = YES;
				CLANG_WARN_CONSTANT_CONVERSION = YES;
				CLANG_WARN_DEPRECATED_OBJC_IMPLEMENTATIONS = YES;
				CLANG_WARN_DIRECT_OBJC_ISA_USAGE = YES_ERROR;
				CLANG_WARN_DOCUMENTATION_COMMENTS = YES;
				CLANG_WARN_EMPTY_BODY = YES;
				CLANG_WARN_ENUM_CONVERSION = YES;
				CLANG_WARN_INFINITE_RECURSION = YES;
				CLANG_WARN_INT_CONVERSION = YES;
				CLANG_WARN_NON_LITERAL_NULL_CONVERSION = YES;
				CLANG_WARN_OBJC_IMPLICIT_RETAIN_SELF = YES;
				CLANG_WARN_OBJC_LITERAL_CONVERSION = YES;
				CLANG_WARN_OBJC_ROOT_CLASS = YES_ERROR;
				CLANG_WARN_QUOTED_INCLUDE_IN_FRAMEWORK_HEADER = YES;
				CLANG_WARN_RANGE_LOOP_ANALYSIS = YES;
				CLANG_WARN_STRICT_PROTOTYPES = YES;
				CLANG_WARN_SUSPICIOUS_MOVE = YES;
				CLANG_WARN_UNGUARDED_AVAILABILITY = YES_AGGRESSIVE;
				CLANG_WARN_UNREACHABLE_CODE = YES;
				CLANG_WARN__DUPLICATE_METHOD_MATCH = YES;
				COPY_PHASE_STRIP = NO;
				DEBUG_INFORMATION_FORMAT = dwarf;
				ENABLE_STRICT_OBJC_MSGSEND = YES;
				ENABLE_TESTABILITY = YES;
				GCC_C_LANGUAGE_STANDARD = gnu11;
				GCC_DYNAMIC_NO_PIC = NO;
				GCC_NO_COMMON_BLOCKS = YES;
				GCC_OPTIMIZATION_LEVEL = 0;
				GCC_PREPROCESSOR_DEFINITIONS = (
					"DEBUG=1",
					"$(inherited)",
				);
				GCC_WARN_64_TO_32_BIT_CONVERSION = YES;
				GCC_WARN_ABOUT_RETURN_TYPE = YES_ERROR;
				GCC_WARN_UNDECLARED_SELECTOR = YES;
				GCC_WARN_UNINITIALIZED_AUTOS = YES_AGGRESSIVE;
				GCC_WARN_UNUSED_FUNCTION = YES;
				GCC_WARN_UNUSED_VARIABLE = YES;
				IPHONEOS_DEPLOYMENT_TARGET = 14.4;
				MTL_ENABLE_DEBUG_INFO = INCLUDE_SOURCE;
				MTL_FAST_MATH = YES;
				ONLY_ACTIVE_ARCH = YES;
				SDKROOT = iphoneos;
				SWIFT_ACTIVE_COMPILATION_CONDITIONS = DEBUG;
				SWIFT_OPTIMIZATION_LEVEL = "-Onone";
			};
			name = Debug;
		};
		8BD39D01277DE54000F2EA5C /* Release */ = {
			isa = XCBuildConfiguration;
			buildSettings = {
				ALWAYS_SEARCH_USER_PATHS = NO;
				CLANG_ANALYZER_NONNULL = YES;
				CLANG_ANALYZER_NUMBER_OBJECT_CONVERSION = YES_AGGRESSIVE;
				CLANG_CXX_LANGUAGE_STANDARD = "gnu++14";
				CLANG_CXX_LIBRARY = "libc++";
				CLANG_ENABLE_MODULES = YES;
				CLANG_ENABLE_OBJC_ARC = YES;
				CLANG_ENABLE_OBJC_WEAK = YES;
				CLANG_WARN_BLOCK_CAPTURE_AUTORELEASING = YES;
				CLANG_WARN_BOOL_CONVERSION = YES;
				CLANG_WARN_COMMA = YES;
				CLANG_WARN_CONSTANT_CONVERSION = YES;
				CLANG_WARN_DEPRECATED_OBJC_IMPLEMENTATIONS = YES;
				CLANG_WARN_DIRECT_OBJC_ISA_USAGE = YES_ERROR;
				CLANG_WARN_DOCUMENTATION_COMMENTS = YES;
				CLANG_WARN_EMPTY_BODY = YES;
				CLANG_WARN_ENUM_CONVERSION = YES;
				CLANG_WARN_INFINITE_RECURSION = YES;
				CLANG_WARN_INT_CONVERSION = YES;
				CLANG_WARN_NON_LITERAL_NULL_CONVERSION = YES;
				CLANG_WARN_OBJC_IMPLICIT_RETAIN_SELF = YES;
				CLANG_WARN_OBJC_LITERAL_CONVERSION = YES;
				CLANG_WARN_OBJC_ROOT_CLASS = YES_ERROR;
				CLANG_WARN_QUOTED_INCLUDE_IN_FRAMEWORK_HEADER = YES;
				CLANG_WARN_RANGE_LOOP_ANALYSIS = YES;
				CLANG_WARN_STRICT_PROTOTYPES = YES;
				CLANG_WARN_SUSPICIOUS_MOVE = YES;
				CLANG_WARN_UNGUARDED_AVAILABILITY = YES_AGGRESSIVE;
				CLANG_WARN_UNREACHABLE_CODE = YES;
				CLANG_WARN__DUPLICATE_METHOD_MATCH = YES;
				COPY_PHASE_STRIP = NO;
				DEBUG_INFORMATION_FORMAT = "dwarf-with-dsym";
				ENABLE_NS_ASSERTIONS = NO;
				ENABLE_STRICT_OBJC_MSGSEND = YES;
				GCC_C_LANGUAGE_STANDARD = gnu11;
				GCC_NO_COMMON_BLOCKS = YES;
				GCC_WARN_64_TO_32_BIT_CONVERSION = YES;
				GCC_WARN_ABOUT_RETURN_TYPE = YES_ERROR;
				GCC_WARN_UNDECLARED_SELECTOR = YES;
				GCC_WARN_UNINITIALIZED_AUTOS = YES_AGGRESSIVE;
				GCC_WARN_UNUSED_FUNCTION = YES;
				GCC_WARN_UNUSED_VARIABLE = YES;
				IPHONEOS_DEPLOYMENT_TARGET = 14.4;
				MTL_ENABLE_DEBUG_INFO = NO;
				MTL_FAST_MATH = YES;
				SDKROOT = iphoneos;
				SWIFT_COMPILATION_MODE = wholemodule;
				SWIFT_OPTIMIZATION_LEVEL = "-O";
				VALIDATE_PRODUCT = YES;
			};
			name = Release;
		};
		8BD39D03277DE54000F2EA5C /* Debug */ = {
			isa = XCBuildConfiguration;
			baseConfigurationReference = 03E2CA07EE437901EC9EA299 /* Pods-NYTimesArticles.debug.xcconfig */;
			buildSettings = {
				ASSETCATALOG_COMPILER_APPICON_NAME = AppIcon;
				ASSETCATALOG_COMPILER_GLOBAL_ACCENT_COLOR_NAME = AccentColor;
				CODE_SIGN_STYLE = Automatic;
				DEVELOPMENT_TEAM = 5544KZSUP9;
				INFOPLIST_FILE = NYTimesArticles/Info.plist;
				LD_RUNPATH_SEARCH_PATHS = (
					"$(inherited)",
					"@executable_path/Frameworks",
				);
				PRODUCT_BUNDLE_IDENTIFIER = com.tayseer.NYTimesArticles;
				PRODUCT_NAME = "$(TARGET_NAME)";
				SWIFT_VERSION = 5.0;
				TARGETED_DEVICE_FAMILY = "1,2";
			};
			name = Debug;
		};
		8BD39D04277DE54000F2EA5C /* Release */ = {
			isa = XCBuildConfiguration;
			baseConfigurationReference = 5337C848AC791C66D97DF9CA /* Pods-NYTimesArticles.release.xcconfig */;
			buildSettings = {
				ASSETCATALOG_COMPILER_APPICON_NAME = AppIcon;
				ASSETCATALOG_COMPILER_GLOBAL_ACCENT_COLOR_NAME = AccentColor;
				CODE_SIGN_STYLE = Automatic;
				DEVELOPMENT_TEAM = 5544KZSUP9;
				INFOPLIST_FILE = NYTimesArticles/Info.plist;
				LD_RUNPATH_SEARCH_PATHS = (
					"$(inherited)",
					"@executable_path/Frameworks",
				);
				PRODUCT_BUNDLE_IDENTIFIER = com.tayseer.NYTimesArticles;
				PRODUCT_NAME = "$(TARGET_NAME)";
				SWIFT_VERSION = 5.0;
				TARGETED_DEVICE_FAMILY = "1,2";
			};
			name = Release;
		};
/* End XCBuildConfiguration section */

/* Begin XCConfigurationList section */
		8BD39CE9277DE53E00F2EA5C /* Build configuration list for PBXProject "NYTimesArticles" */ = {
			isa = XCConfigurationList;
			buildConfigurations = (
				8BD39D00277DE54000F2EA5C /* Debug */,
				8BD39D01277DE54000F2EA5C /* Release */,
			);
			defaultConfigurationIsVisible = 0;
			defaultConfigurationName = Release;
		};
		8BD39D02277DE54000F2EA5C /* Build configuration list for PBXNativeTarget "NYTimesArticles" */ = {
			isa = XCConfigurationList;
			buildConfigurations = (
				8BD39D03277DE54000F2EA5C /* Debug */,
				8BD39D04277DE54000F2EA5C /* Release */,
			);
			defaultConfigurationIsVisible = 0;
			defaultConfigurationName = Release;
		};
/* End XCConfigurationList section */
	};
	rootObject = 8BD39CE6277DE53E00F2EA5C /* Project object */;
}
